// !$*UTF8*$!
{
	archiveVersion = 1;
	classes = {
	};
	objectVersion = 46;
	objects = {

/* Begin PBXBuildFile section */
		8C67AD011AAD3469008CD804 /* AppDelegate.swift in Sources */ = {isa = PBXBuildFile; fileRef = 8C67AD001AAD3469008CD804 /* AppDelegate.swift */; };
		8C67AD031AAD3469008CD804 /* FKHomeViewController.swift in Sources */ = {isa = PBXBuildFile; fileRef = 8C67AD021AAD3469008CD804 /* FKHomeViewController.swift */; };
		8C67AD061AAD3469008CD804 /* Main.storyboard in Resources */ = {isa = PBXBuildFile; fileRef = 8C67AD041AAD3469008CD804 /* Main.storyboard */; };
		8C67AD081AAD3469008CD804 /* Images.xcassets in Resources */ = {isa = PBXBuildFile; fileRef = 8C67AD071AAD3469008CD804 /* Images.xcassets */; };
		8C67AD0B1AAD3469008CD804 /* LaunchScreen.xib in Resources */ = {isa = PBXBuildFile; fileRef = 8C67AD091AAD3469008CD804 /* LaunchScreen.xib */; };
		8C67AD171AAD346A008CD804 /* FreeKevinTests.swift in Sources */ = {isa = PBXBuildFile; fileRef = 8C67AD161AAD346A008CD804 /* FreeKevinTests.swift */; };
		8C67AD291AAD4D75008CD804 /* KeyboardViewController.swift in Sources */ = {isa = PBXBuildFile; fileRef = 8C67AD281AAD4D75008CD804 /* KeyboardViewController.swift */; };
		8C67AD2C1AAD4D75008CD804 /* FreeKevinKeyboard.appex in Embed App Extensions */ = {isa = PBXBuildFile; fileRef = 8C67AD241AAD4D75008CD804 /* FreeKevinKeyboard.appex */; settings = {ATTRIBUTES = (RemoveHeadersOnCopy, ); }; };
		8CA9C8B61B3E4AE700D1A27A /* FKPracticeViewController.swift in Sources */ = {isa = PBXBuildFile; fileRef = 8CA9C8B51B3E4AE700D1A27A /* FKPracticeViewController.swift */; };
		8CA9C8B81B3E504D00D1A27A /* FKInstructionsViewController.swift in Sources */ = {isa = PBXBuildFile; fileRef = 8CA9C8B71B3E504D00D1A27A /* FKInstructionsViewController.swift */; };
		8CC1522E1B3E62F300567461 /* FKKeyboardInstructionsViewController.swift in Sources */ = {isa = PBXBuildFile; fileRef = 8CC1522D1B3E62F300567461 /* FKKeyboardInstructionsViewController.swift */; };
/* End PBXBuildFile section */

/* Begin PBXContainerItemProxy section */
		8C67AD111AAD346A008CD804 /* PBXContainerItemProxy */ = {
			isa = PBXContainerItemProxy;
			containerPortal = 8C67ACF31AAD3469008CD804 /* Project object */;
			proxyType = 1;
			remoteGlobalIDString = 8C67ACFA1AAD3469008CD804;
			remoteInfo = FreeKevin;
		};
		8C67AD2A1AAD4D75008CD804 /* PBXContainerItemProxy */ = {
			isa = PBXContainerItemProxy;
			containerPortal = 8C67ACF31AAD3469008CD804 /* Project object */;
			proxyType = 1;
			remoteGlobalIDString = 8C67AD231AAD4D75008CD804;
			remoteInfo = FreeKevinKeyboard;
		};
/* End PBXContainerItemProxy section */

/* Begin PBXCopyFilesBuildPhase section */
		8C67AD301AAD4D75008CD804 /* Embed App Extensions */ = {
			isa = PBXCopyFilesBuildPhase;
			buildActionMask = 2147483647;
			dstPath = "";
			dstSubfolderSpec = 13;
			files = (
				8C67AD2C1AAD4D75008CD804 /* FreeKevinKeyboard.appex in Embed App Extensions */,
			);
			name = "Embed App Extensions";
			runOnlyForDeploymentPostprocessing = 0;
		};
/* End PBXCopyFilesBuildPhase section */

/* Begin PBXFileReference section */
		8C67ACFB1AAD3469008CD804 /* FreeKevin.app */ = {isa = PBXFileReference; explicitFileType = wrapper.application; includeInIndex = 0; path = FreeKevin.app; sourceTree = BUILT_PRODUCTS_DIR; };
		8C67ACFF1AAD3469008CD804 /* Info.plist */ = {isa = PBXFileReference; lastKnownFileType = text.plist.xml; path = Info.plist; sourceTree = "<group>"; };
		8C67AD001AAD3469008CD804 /* AppDelegate.swift */ = {isa = PBXFileReference; lastKnownFileType = sourcecode.swift; path = AppDelegate.swift; sourceTree = "<group>"; };
		8C67AD021AAD3469008CD804 /* FKHomeViewController.swift */ = {isa = PBXFileReference; lastKnownFileType = sourcecode.swift; path = FKHomeViewController.swift; sourceTree = "<group>"; };
		8C67AD051AAD3469008CD804 /* Base */ = {isa = PBXFileReference; lastKnownFileType = file.storyboard; name = Base; path = Base.lproj/Main.storyboard; sourceTree = "<group>"; };
		8C67AD071AAD3469008CD804 /* Images.xcassets */ = {isa = PBXFileReference; lastKnownFileType = folder.assetcatalog; path = Images.xcassets; sourceTree = "<group>"; };
		8C67AD0A1AAD3469008CD804 /* Base */ = {isa = PBXFileReference; lastKnownFileType = file.xib; name = Base; path = Base.lproj/LaunchScreen.xib; sourceTree = "<group>"; };
		8C67AD101AAD346A008CD804 /* FreeKevinTests.xctest */ = {isa = PBXFileReference; explicitFileType = wrapper.cfbundle; includeInIndex = 0; path = FreeKevinTests.xctest; sourceTree = BUILT_PRODUCTS_DIR; };
		8C67AD151AAD346A008CD804 /* Info.plist */ = {isa = PBXFileReference; lastKnownFileType = text.plist.xml; path = Info.plist; sourceTree = "<group>"; };
		8C67AD161AAD346A008CD804 /* FreeKevinTests.swift */ = {isa = PBXFileReference; lastKnownFileType = sourcecode.swift; path = FreeKevinTests.swift; sourceTree = "<group>"; };
		8C67AD241AAD4D75008CD804 /* FreeKevinKeyboard.appex */ = {isa = PBXFileReference; explicitFileType = "wrapper.app-extension"; includeInIndex = 0; path = FreeKevinKeyboard.appex; sourceTree = BUILT_PRODUCTS_DIR; };
		8C67AD271AAD4D75008CD804 /* Info.plist */ = {isa = PBXFileReference; lastKnownFileType = text.plist.xml; path = Info.plist; sourceTree = "<group>"; };
		8C67AD281AAD4D75008CD804 /* KeyboardViewController.swift */ = {isa = PBXFileReference; lastKnownFileType = sourcecode.swift; path = KeyboardViewController.swift; sourceTree = "<group>"; };
		8C6E474C1AAEAC84002E22B0 /* FreeKevin.entitlements */ = {isa = PBXFileReference; lastKnownFileType = text.xml; path = FreeKevin.entitlements; sourceTree = "<group>"; };
		8C6E474D1AAEACDA002E22B0 /* FreeKevinKeyboard.entitlements */ = {isa = PBXFileReference; lastKnownFileType = text.xml; path = FreeKevinKeyboard.entitlements; sourceTree = "<group>"; };
		8CA9C8B51B3E4AE700D1A27A /* FKPracticeViewController.swift */ = {isa = PBXFileReference; fileEncoding = 4; lastKnownFileType = sourcecode.swift; path = FKPracticeViewController.swift; sourceTree = "<group>"; };
		8CA9C8B71B3E504D00D1A27A /* FKInstructionsViewController.swift */ = {isa = PBXFileReference; fileEncoding = 4; lastKnownFileType = sourcecode.swift; path = FKInstructionsViewController.swift; sourceTree = "<group>"; };
		8CC1522D1B3E62F300567461 /* FKKeyboardInstructionsViewController.swift */ = {isa = PBXFileReference; fileEncoding = 4; lastKnownFileType = sourcecode.swift; path = FKKeyboardInstructionsViewController.swift; sourceTree = "<group>"; };
/* End PBXFileReference section */

/* Begin PBXFrameworksBuildPhase section */
		8C67ACF81AAD3469008CD804 /* Frameworks */ = {
			isa = PBXFrameworksBuildPhase;
			buildActionMask = 2147483647;
			files = (
			);
			runOnlyForDeploymentPostprocessing = 0;
		};
		8C67AD0D1AAD346A008CD804 /* Frameworks */ = {
			isa = PBXFrameworksBuildPhase;
			buildActionMask = 2147483647;
			files = (
			);
			runOnlyForDeploymentPostprocessing = 0;
		};
		8C67AD211AAD4D75008CD804 /* Frameworks */ = {
			isa = PBXFrameworksBuildPhase;
			buildActionMask = 2147483647;
			files = (
			);
			runOnlyForDeploymentPostprocessing = 0;
		};
/* End PBXFrameworksBuildPhase section */

/* Begin PBXGroup section */
		8C67ACF21AAD3469008CD804 = {
			isa = PBXGroup;
			children = (
				8C67ACFD1AAD3469008CD804 /* FreeKevin */,
				8C67AD131AAD346A008CD804 /* FreeKevinTests */,
				8C67AD251AAD4D75008CD804 /* FreeKevinKeyboard */,
				8C67ACFC1AAD3469008CD804 /* Products */,
			);
			sourceTree = "<group>";
		};
		8C67ACFC1AAD3469008CD804 /* Products */ = {
			isa = PBXGroup;
			children = (
				8C67ACFB1AAD3469008CD804 /* FreeKevin.app */,
				8C67AD101AAD346A008CD804 /* FreeKevinTests.xctest */,
				8C67AD241AAD4D75008CD804 /* FreeKevinKeyboard.appex */,
			);
			name = Products;
			sourceTree = "<group>";
		};
		8C67ACFD1AAD3469008CD804 /* FreeKevin */ = {
			isa = PBXGroup;
			children = (
				8C6E474C1AAEAC84002E22B0 /* FreeKevin.entitlements */,
				8C67AD001AAD3469008CD804 /* AppDelegate.swift */,
				8C67AD021AAD3469008CD804 /* FKHomeViewController.swift */,
				8CA9C8B51B3E4AE700D1A27A /* FKPracticeViewController.swift */,
				8CA9C8B71B3E504D00D1A27A /* FKInstructionsViewController.swift */,
				8CC1522D1B3E62F300567461 /* FKKeyboardInstructionsViewController.swift */,
				8C67AD041AAD3469008CD804 /* Main.storyboard */,
				8C67AD071AAD3469008CD804 /* Images.xcassets */,
				8C67AD091AAD3469008CD804 /* LaunchScreen.xib */,
				8C67ACFE1AAD3469008CD804 /* Supporting Files */,
			);
			path = FreeKevin;
			sourceTree = "<group>";
		};
		8C67ACFE1AAD3469008CD804 /* Supporting Files */ = {
			isa = PBXGroup;
			children = (
				8C67ACFF1AAD3469008CD804 /* Info.plist */,
			);
			name = "Supporting Files";
			sourceTree = "<group>";
		};
		8C67AD131AAD346A008CD804 /* FreeKevinTests */ = {
			isa = PBXGroup;
			children = (
				8C67AD161AAD346A008CD804 /* FreeKevinTests.swift */,
				8C67AD141AAD346A008CD804 /* Supporting Files */,
			);
			path = FreeKevinTests;
			sourceTree = "<group>";
		};
		8C67AD141AAD346A008CD804 /* Supporting Files */ = {
			isa = PBXGroup;
			children = (
				8C67AD151AAD346A008CD804 /* Info.plist */,
			);
			name = "Supporting Files";
			sourceTree = "<group>";
		};
		8C67AD251AAD4D75008CD804 /* FreeKevinKeyboard */ = {
			isa = PBXGroup;
			children = (
				8C6E474D1AAEACDA002E22B0 /* FreeKevinKeyboard.entitlements */,
				8C67AD281AAD4D75008CD804 /* KeyboardViewController.swift */,
				8C67AD261AAD4D75008CD804 /* Supporting Files */,
			);
			path = FreeKevinKeyboard;
			sourceTree = "<group>";
		};
		8C67AD261AAD4D75008CD804 /* Supporting Files */ = {
			isa = PBXGroup;
			children = (
				8C67AD271AAD4D75008CD804 /* Info.plist */,
			);
			name = "Supporting Files";
			sourceTree = "<group>";
		};
/* End PBXGroup section */

/* Begin PBXNativeTarget section */
		8C67ACFA1AAD3469008CD804 /* FreeKevin */ = {
			isa = PBXNativeTarget;
			buildConfigurationList = 8C67AD1A1AAD346A008CD804 /* Build configuration list for PBXNativeTarget "FreeKevin" */;
			buildPhases = (
				8C67ACF71AAD3469008CD804 /* Sources */,
				8C67ACF81AAD3469008CD804 /* Frameworks */,
				8C67ACF91AAD3469008CD804 /* Resources */,
				8C67AD301AAD4D75008CD804 /* Embed App Extensions */,
			);
			buildRules = (
			);
			dependencies = (
				8C67AD2B1AAD4D75008CD804 /* PBXTargetDependency */,
			);
			name = FreeKevin;
			productName = FreeKevin;
			productReference = 8C67ACFB1AAD3469008CD804 /* FreeKevin.app */;
			productType = "com.apple.product-type.application";
		};
		8C67AD0F1AAD346A008CD804 /* FreeKevinTests */ = {
			isa = PBXNativeTarget;
			buildConfigurationList = 8C67AD1D1AAD346A008CD804 /* Build configuration list for PBXNativeTarget "FreeKevinTests" */;
			buildPhases = (
				8C67AD0C1AAD346A008CD804 /* Sources */,
				8C67AD0D1AAD346A008CD804 /* Frameworks */,
				8C67AD0E1AAD346A008CD804 /* Resources */,
			);
			buildRules = (
			);
			dependencies = (
				8C67AD121AAD346A008CD804 /* PBXTargetDependency */,
			);
			name = FreeKevinTests;
			productName = FreeKevinTests;
			productReference = 8C67AD101AAD346A008CD804 /* FreeKevinTests.xctest */;
			productType = "com.apple.product-type.bundle.unit-test";
		};
		8C67AD231AAD4D75008CD804 /* FreeKevinKeyboard */ = {
			isa = PBXNativeTarget;
			buildConfigurationList = 8C67AD2D1AAD4D75008CD804 /* Build configuration list for PBXNativeTarget "FreeKevinKeyboard" */;
			buildPhases = (
				8C67AD201AAD4D75008CD804 /* Sources */,
				8C67AD211AAD4D75008CD804 /* Frameworks */,
				8C67AD221AAD4D75008CD804 /* Resources */,
			);
			buildRules = (
			);
			dependencies = (
			);
			name = FreeKevinKeyboard;
			productName = FreeKevinKeyboard;
			productReference = 8C67AD241AAD4D75008CD804 /* FreeKevinKeyboard.appex */;
			productType = "com.apple.product-type.app-extension";
		};
/* End PBXNativeTarget section */

/* Begin PBXProject section */
		8C67ACF31AAD3469008CD804 /* Project object */ = {
			isa = PBXProject;
			attributes = {
				LastUpgradeCheck = 0610;
				ORGANIZATIONNAME = "Naomi Himley";
				TargetAttributes = {
					8C67ACFA1AAD3469008CD804 = {
						CreatedOnToolsVersion = 6.1.1;
						DevelopmentTeam = CF4F3Y3JFY;
						SystemCapabilities = {
							com.apple.ApplicationGroups.iOS = {
								enabled = 1;
							};
						};
					};
					8C67AD0F1AAD346A008CD804 = {
						CreatedOnToolsVersion = 6.1.1;
						TestTargetID = 8C67ACFA1AAD3469008CD804;
					};
					8C67AD231AAD4D75008CD804 = {
						CreatedOnToolsVersion = 6.1.1;
						DevelopmentTeam = CF4F3Y3JFY;
						SystemCapabilities = {
							com.apple.ApplicationGroups.iOS = {
								enabled = 1;
							};
						};
					};
				};
			};
			buildConfigurationList = 8C67ACF61AAD3469008CD804 /* Build configuration list for PBXProject "FreeKevin" */;
			compatibilityVersion = "Xcode 3.2";
			developmentRegion = English;
			hasScannedForEncodings = 0;
			knownRegions = (
				en,
				Base,
			);
			mainGroup = 8C67ACF21AAD3469008CD804;
			productRefGroup = 8C67ACFC1AAD3469008CD804 /* Products */;
			projectDirPath = "";
			projectRoot = "";
			targets = (
				8C67ACFA1AAD3469008CD804 /* FreeKevin */,
				8C67AD0F1AAD346A008CD804 /* FreeKevinTests */,
				8C67AD231AAD4D75008CD804 /* FreeKevinKeyboard */,
			);
		};
/* End PBXProject section */

/* Begin PBXResourcesBuildPhase section */
		8C67ACF91AAD3469008CD804 /* Resources */ = {
			isa = PBXResourcesBuildPhase;
			buildActionMask = 2147483647;
			files = (
				8C67AD061AAD3469008CD804 /* Main.storyboard in Resources */,
				8C67AD0B1AAD3469008CD804 /* LaunchScreen.xib in Resources */,
				8C67AD081AAD3469008CD804 /* Images.xcassets in Resources */,
			);
			runOnlyForDeploymentPostprocessing = 0;
		};
		8C67AD0E1AAD346A008CD804 /* Resources */ = {
			isa = PBXResourcesBuildPhase;
			buildActionMask = 2147483647;
			files = (
			);
			runOnlyForDeploymentPostprocessing = 0;
		};
		8C67AD221AAD4D75008CD804 /* Resources */ = {
			isa = PBXResourcesBuildPhase;
			buildActionMask = 2147483647;
			files = (
			);
			runOnlyForDeploymentPostprocessing = 0;
		};
/* End PBXResourcesBuildPhase section */

/* Begin PBXSourcesBuildPhase section */
		8C67ACF71AAD3469008CD804 /* Sources */ = {
			isa = PBXSourcesBuildPhase;
			buildActionMask = 2147483647;
			files = (
				8C67AD031AAD3469008CD804 /* FKHomeViewController.swift in Sources */,
				8CA9C8B61B3E4AE700D1A27A /* FKPracticeViewController.swift in Sources */,
				8CC1522E1B3E62F300567461 /* FKKeyboardInstructionsViewController.swift in Sources */,
				8CA9C8B81B3E504D00D1A27A /* FKInstructionsViewController.swift in Sources */,
				8C67AD011AAD3469008CD804 /* AppDelegate.swift in Sources */,
			);
			runOnlyForDeploymentPostprocessing = 0;
		};
		8C67AD0C1AAD346A008CD804 /* Sources */ = {
			isa = PBXSourcesBuildPhase;
			buildActionMask = 2147483647;
			files = (
				8C67AD171AAD346A008CD804 /* FreeKevinTests.swift in Sources */,
			);
			runOnlyForDeploymentPostprocessing = 0;
		};
		8C67AD201AAD4D75008CD804 /* Sources */ = {
			isa = PBXSourcesBuildPhase;
			buildActionMask = 2147483647;
			files = (
				8C67AD291AAD4D75008CD804 /* KeyboardViewController.swift in Sources */,
			);
			runOnlyForDeploymentPostprocessing = 0;
		};
/* End PBXSourcesBuildPhase section */

/* Begin PBXTargetDependency section */
		8C67AD121AAD346A008CD804 /* PBXTargetDependency */ = {
			isa = PBXTargetDependency;
			target = 8C67ACFA1AAD3469008CD804 /* FreeKevin */;
			targetProxy = 8C67AD111AAD346A008CD804 /* PBXContainerItemProxy */;
		};
		8C67AD2B1AAD4D75008CD804 /* PBXTargetDependency */ = {
			isa = PBXTargetDependency;
			target = 8C67AD231AAD4D75008CD804 /* FreeKevinKeyboard */;
			targetProxy = 8C67AD2A1AAD4D75008CD804 /* PBXContainerItemProxy */;
		};
/* End PBXTargetDependency section */

/* Begin PBXVariantGroup section */
		8C67AD041AAD3469008CD804 /* Main.storyboard */ = {
			isa = PBXVariantGroup;
			children = (
				8C67AD051AAD3469008CD804 /* Base */,
			);
			name = Main.storyboard;
			sourceTree = "<group>";
		};
		8C67AD091AAD3469008CD804 /* LaunchScreen.xib */ = {
			isa = PBXVariantGroup;
			children = (
				8C67AD0A1AAD3469008CD804 /* Base */,
			);
			name = LaunchScreen.xib;
			sourceTree = "<group>";
		};
/* End PBXVariantGroup section */

/* Begin XCBuildConfiguration section */
		8C67AD181AAD346A008CD804 /* Debug */ = {
			isa = XCBuildConfiguration;
			buildSettings = {
				ALWAYS_SEARCH_USER_PATHS = NO;
				CLANG_CXX_LANGUAGE_STANDARD = "gnu++0x";
				CLANG_CXX_LIBRARY = "libc++";
				CLANG_ENABLE_MODULES = YES;
				CLANG_ENABLE_OBJC_ARC = YES;
				CLANG_WARN_BOOL_CONVERSION = YES;
				CLANG_WARN_CONSTANT_CONVERSION = YES;
				CLANG_WARN_DIRECT_OBJC_ISA_USAGE = YES_ERROR;
				CLANG_WARN_EMPTY_BODY = YES;
				CLANG_WARN_ENUM_CONVERSION = YES;
				CLANG_WARN_INT_CONVERSION = YES;
				CLANG_WARN_OBJC_ROOT_CLASS = YES_ERROR;
				CLANG_WARN_UNREACHABLE_CODE = YES;
				CLANG_WARN__DUPLICATE_METHOD_MATCH = YES;
				"CODE_SIGN_IDENTITY[sdk=iphoneos*]" = "iPhone Developer";
				COPY_PHASE_STRIP = NO;
				ENABLE_STRICT_OBJC_MSGSEND = YES;
				GCC_C_LANGUAGE_STANDARD = gnu99;
				GCC_DYNAMIC_NO_PIC = NO;
				GCC_OPTIMIZATION_LEVEL = 0;
				GCC_PREPROCESSOR_DEFINITIONS = (
					"DEBUG=1",
					"$(inherited)",
				);
				GCC_SYMBOLS_PRIVATE_EXTERN = NO;
				GCC_WARN_64_TO_32_BIT_CONVERSION = YES;
				GCC_WARN_ABOUT_RETURN_TYPE = YES_ERROR;
				GCC_WARN_UNDECLARED_SELECTOR = YES;
				GCC_WARN_UNINITIALIZED_AUTOS = YES_AGGRESSIVE;
				GCC_WARN_UNUSED_FUNCTION = YES;
				GCC_WARN_UNUSED_VARIABLE = YES;
				IPHONEOS_DEPLOYMENT_TARGET = 8.1;
				MTL_ENABLE_DEBUG_INFO = YES;
				ONLY_ACTIVE_ARCH = YES;
				SDKROOT = iphoneos;
				SWIFT_OPTIMIZATION_LEVEL = "-Onone";
				TARGETED_DEVICE_FAMILY = "1,2";
			};
			name = Debug;
		};
		8C67AD191AAD346A008CD804 /* Release */ = {
			isa = XCBuildConfiguration;
			buildSettings = {
				ALWAYS_SEARCH_USER_PATHS = NO;
				CLANG_CXX_LANGUAGE_STANDARD = "gnu++0x";
				CLANG_CXX_LIBRARY = "libc++";
				CLANG_ENABLE_MODULES = YES;
				CLANG_ENABLE_OBJC_ARC = YES;
				CLANG_WARN_BOOL_CONVERSION = YES;
				CLANG_WARN_CONSTANT_CONVERSION = YES;
				CLANG_WARN_DIRECT_OBJC_ISA_USAGE = YES_ERROR;
				CLANG_WARN_EMPTY_BODY = YES;
				CLANG_WARN_ENUM_CONVERSION = YES;
				CLANG_WARN_INT_CONVERSION = YES;
				CLANG_WARN_OBJC_ROOT_CLASS = YES_ERROR;
				CLANG_WARN_UNREACHABLE_CODE = YES;
				CLANG_WARN__DUPLICATE_METHOD_MATCH = YES;
				"CODE_SIGN_IDENTITY[sdk=iphoneos*]" = "iPhone Developer";
				COPY_PHASE_STRIP = YES;
				ENABLE_NS_ASSERTIONS = NO;
				ENABLE_STRICT_OBJC_MSGSEND = YES;
				GCC_C_LANGUAGE_STANDARD = gnu99;
				GCC_WARN_64_TO_32_BIT_CONVERSION = YES;
				GCC_WARN_ABOUT_RETURN_TYPE = YES_ERROR;
				GCC_WARN_UNDECLARED_SELECTOR = YES;
				GCC_WARN_UNINITIALIZED_AUTOS = YES_AGGRESSIVE;
				GCC_WARN_UNUSED_FUNCTION = YES;
				GCC_WARN_UNUSED_VARIABLE = YES;
				IPHONEOS_DEPLOYMENT_TARGET = 8.1;
				MTL_ENABLE_DEBUG_INFO = NO;
				SDKROOT = iphoneos;
				TARGETED_DEVICE_FAMILY = "1,2";
				VALIDATE_PRODUCT = YES;
			};
			name = Release;
		};
		8C67AD1B1AAD346A008CD804 /* Debug */ = {
			isa = XCBuildConfiguration;
			buildSettings = {
				ASSETCATALOG_COMPILER_APPICON_NAME = AppIcon;
				CODE_SIGN_ENTITLEMENTS = FreeKevin/FreeKevin.entitlements;
				CODE_SIGN_IDENTITY = "iPhone Developer";
				"CODE_SIGN_IDENTITY[sdk=iphoneos*]" = "iPhone Developer";
				EMBEDDED_CONTENT_CONTAINS_SWIFT = YES;
				INFOPLIST_FILE = FreeKevin/Info.plist;
				LD_RUNPATH_SEARCH_PATHS = "$(inherited) @executable_path/Frameworks";
				PRODUCT_NAME = "$(TARGET_NAME)";
				PROVISIONING_PROFILE = "";
			};
			name = Debug;
		};
		8C67AD1C1AAD346A008CD804 /* Release */ = {
			isa = XCBuildConfiguration;
			buildSettings = {
				ASSETCATALOG_COMPILER_APPICON_NAME = AppIcon;
				CODE_SIGN_ENTITLEMENTS = FreeKevin/FreeKevin.entitlements;
				CODE_SIGN_IDENTITY = "iPhone Developer";
				"CODE_SIGN_IDENTITY[sdk=iphoneos*]" = "iPhone Developer";
				EMBEDDED_CONTENT_CONTAINS_SWIFT = YES;
				INFOPLIST_FILE = FreeKevin/Info.plist;
				LD_RUNPATH_SEARCH_PATHS = "$(inherited) @executable_path/Frameworks";
				PRODUCT_NAME = "$(TARGET_NAME)";
				PROVISIONING_PROFILE = "";
			};
			name = Release;
		};
		8C67AD1E1AAD346A008CD804 /* Debug */ = {
			isa = XCBuildConfiguration;
			buildSettings = {
				BUNDLE_LOADER = "$(TEST_HOST)";
				FRAMEWORK_SEARCH_PATHS = (
					"$(SDKROOT)/Developer/Library/Frameworks",
					"$(inherited)",
				);
				GCC_PREPROCESSOR_DEFINITIONS = (
					"DEBUG=1",
					"$(inherited)",
				);
				INFOPLIST_FILE = FreeKevinTests/Info.plist;
				LD_RUNPATH_SEARCH_PATHS = "$(inherited) @executable_path/Frameworks @loader_path/Frameworks";
				PRODUCT_NAME = "$(TARGET_NAME)";
				TEST_HOST = "$(BUILT_PRODUCTS_DIR)/FreeKevin.app/FreeKevin";
			};
			name = Debug;
		};
		8C67AD1F1AAD346A008CD804 /* Release */ = {
			isa = XCBuildConfiguration;
			buildSettings = {
				BUNDLE_LOADER = "$(TEST_HOST)";
				FRAMEWORK_SEARCH_PATHS = (
					"$(SDKROOT)/Developer/Library/Frameworks",
					"$(inherited)",
				);
				INFOPLIST_FILE = FreeKevinTests/Info.plist;
				LD_RUNPATH_SEARCH_PATHS = "$(inherited) @executable_path/Frameworks @loader_path/Frameworks";
				PRODUCT_NAME = "$(TARGET_NAME)";
				TEST_HOST = "$(BUILT_PRODUCTS_DIR)/FreeKevin.app/FreeKevin";
			};
			name = Release;
		};
		8C67AD2E1AAD4D75008CD804 /* Debug */ = {
			isa = XCBuildConfiguration;
			buildSettings = {
				CODE_SIGN_ENTITLEMENTS = FreeKevinKeyboard/FreeKevinKeyboard.entitlements;
				CODE_SIGN_IDENTITY = "iPhone Developer";
				"CODE_SIGN_IDENTITY[sdk=iphoneos*]" = "iPhone Developer";
				GCC_PREPROCESSOR_DEFINITIONS = (
					"DEBUG=1",
					"$(inherited)",
				);
				INFOPLIST_FILE = FreeKevinKeyboard/Info.plist;
				LD_RUNPATH_SEARCH_PATHS = "$(inherited) @executable_path/Frameworks @executable_path/../../Frameworks";
				PRODUCT_NAME = "$(TARGET_NAME)";
				PROVISIONING_PROFILE = "";
				SKIP_INSTALL = YES;
			};
			name = Debug;
		};
		8C67AD2F1AAD4D75008CD804 /* Release */ = {
			isa = XCBuildConfiguration;
			buildSettings = {
				CODE_SIGN_ENTITLEMENTS = FreeKevinKeyboard/FreeKevinKeyboard.entitlements;
				CODE_SIGN_IDENTITY = "iPhone Developer";
				"CODE_SIGN_IDENTITY[sdk=iphoneos*]" = "iPhone Developer";
				INFOPLIST_FILE = FreeKevinKeyboard/Info.plist;
				LD_RUNPATH_SEARCH_PATHS = "$(inherited) @executable_path/Frameworks @executable_path/../../Frameworks";
				PRODUCT_NAME = "$(TARGET_NAME)";
				PROVISIONING_PROFILE = "";
				SKIP_INSTALL = YES;
			};
			name = Release;
		};
/* End XCBuildConfiguration section */

/* Begin XCConfigurationList section */
		8C67ACF61AAD3469008CD804 /* Build configuration list for PBXProject "FreeKevin" */ = {
			isa = XCConfigurationList;
			buildConfigurations = (
				8C67AD181AAD346A008CD804 /* Debug */,
				8C67AD191AAD346A008CD804 /* Release */,
			);
			defaultConfigurationIsVisible = 0;
			defaultConfigurationName = Release;
		};
		8C67AD1A1AAD346A008CD804 /* Build configuration list for PBXNativeTarget "FreeKevin" */ = {
			isa = XCConfigurationList;
			buildConfigurations = (
				8C67AD1B1AAD346A008CD804 /* Debug */,
				8C67AD1C1AAD346A008CD804 /* Release */,
			);
			defaultConfigurationIsVisible = 0;
			defaultConfigurationName = Release;
		};
		8C67AD1D1AAD346A008CD804 /* Build configuration list for PBXNativeTarget "FreeKevinTests" */ = {
			isa = XCConfigurationList;
			buildConfigurations = (
				8C67AD1E1AAD346A008CD804 /* Debug */,
				8C67AD1F1AAD346A008CD804 /* Release */,
			);
			defaultConfigurationIsVisible = 0;
			defaultConfigurationName = Release;
		};
		8C67AD2D1AAD4D75008CD804 /* Build configuration list for PBXNativeTarget "FreeKevinKeyboard" */ = {
			isa = XCConfigurationList;
			buildConfigurations = (
				8C67AD2E1AAD4D75008CD804 /* Debug */,
				8C67AD2F1AAD4D75008CD804 /* Release */,
			);
			defaultConfigurationIsVisible = 0;
			defaultConfigurationName = Release;
		};
/* End XCConfigurationList section */
	};
	rootObject = 8C67ACF31AAD3469008CD804 /* Project object */;
}
